
Microsoft Visual Studio Solution File, Format Version 12.00
# Visual Studio Version 17
VisualStudioVersion = 17.5.002.0
MinimumVisualStudioVersion = 10.0.40219.1
Project("{9A19103F-16F7-4668-BE54-9A1E7A4F7556}") = "azure-dns-updater", "src\azure-dns-updater.csproj", "{41A7C8F7-1524-48FC-AF81-C8A04B2C3F29}"
EndProject
Global
	GlobalSection(SolutionConfigurationPlatforms) = preSolution
		Debug|Any CPU = Debug|Any CPU
		Release|Any CPU = Release|Any CPU
	EndGlobalSection
	GlobalSection(ProjectConfigurationPlatforms) = postSolution
		{41A7C8F7-1524-48FC-AF81-C8A04B2C3F29}.Debug|Any CPU.ActiveCfg = Debug|Any CPU
		{41A7C8F7-1524-48FC-AF81-C8A04B2C3F29}.Debug|Any CPU.Build.0 = Debug|Any CPU
		{41A7C8F7-1524-48FC-AF81-C8A04B2C3F29}.Release|Any CPU.ActiveCfg = Release|Any CPU
		{41A7C8F7-1524-48FC-AF81-C8A04B2C3F29}.Release|Any CPU.Build.0 = Release|Any CPU
	EndGlobalSection
	GlobalSection(SolutionProperties) = preSolution
		HideSolutionNode = FALSE
	EndGlobalSection
	GlobalSection(ExtensibilityGlobals) = postSolution
		SolutionGuid = {19DC4181-E17D-49E5-93AA-19FB742E6D20}
	EndGlobalSection
EndGlobal
